
Microsoft Visual Studio Solution File, Format Version 12.00
# Visual Studio Version 17
VisualStudioVersion = 17.12.35527.113 d17.12
MinimumVisualStudioVersion = 10.0.40219.1
Project("{FAE04EC0-301F-11D3-BF4B-00C04F79EFBC}") = "CustomerSuccessCRM.Lib", "CustomerSuccessCRM.Lib\CustomerSuccessCRM.Lib.csproj", "{7928941F-E9BA-4FFA-AB4F-7B4569DAF869}"
EndProject
Project("{FAE04EC0-301F-11D3-BF4B-00C04F79EFBC}") = "CustomerSuccessCRM.Web", "CustomerSuccessCRM.Web\CustomerSuccessCRM.Web.csproj", "{02D53E5B-A6CC-4EA2-8995-BCF20531CA1B}"
EndProject
Project("{FAE04EC0-301F-11D3-BF4B-00C04F79EFBC}") = "CustomerSuccessCRM.Tests", "CustomerSuccessCRM.Tests\CustomerSuccessCRM.Tests.csproj", "{A41D3969-54F4-40BE-BE1E-4853EC1F7B94}"
EndProject
Project("{FAE04EC0-301F-11D3-BF4B-00C04F79EFBC}") = "CustomerSuccessCRM.Forms", "CustomerSuccessCRM.Forms\CustomerSuccessCRM.Forms.csproj", "{65972498-D563-4854-BF87-0613E1A4ED1D}"
EndProject
Global
	GlobalSection(SolutionConfigurationPlatforms) = preSolution
		Debug|Any CPU = Debug|Any CPU
		Release|Any CPU = Release|Any CPU
	EndGlobalSection
	GlobalSection(ProjectConfigurationPlatforms) = postSolution
		{7928941F-E9BA-4FFA-AB4F-7B4569DAF869}.Debug|Any CPU.ActiveCfg = Debug|Any CPU
		{7928941F-E9BA-4FFA-AB4F-7B4569DAF869}.Debug|Any CPU.Build.0 = Debug|Any CPU
		{7928941F-E9BA-4FFA-AB4F-7B4569DAF869}.Release|Any CPU.ActiveCfg = Release|Any CPU
		{7928941F-E9BA-4FFA-AB4F-7B4569DAF869}.Release|Any CPU.Build.0 = Release|Any CPU
		{02D53E5B-A6CC-4EA2-8995-BCF20531CA1B}.Debug|Any CPU.ActiveCfg = Debug|Any CPU
		{02D53E5B-A6CC-4EA2-8995-BCF20531CA1B}.Debug|Any CPU.Build.0 = Debug|Any CPU
		{02D53E5B-A6CC-4EA2-8995-BCF20531CA1B}.Release|Any CPU.ActiveCfg = Release|Any CPU
		{02D53E5B-A6CC-4EA2-8995-BCF20531CA1B}.Release|Any CPU.Build.0 = Release|Any CPU
		{A41D3969-54F4-40BE-BE1E-4853EC1F7B94}.Debug|Any CPU.ActiveCfg = Debug|Any CPU
		{A41D3969-54F4-40BE-BE1E-4853EC1F7B94}.Debug|Any CPU.Build.0 = Debug|Any CPU
		{A41D3969-54F4-40BE-BE1E-4853EC1F7B94}.Release|Any CPU.ActiveCfg = Release|Any CPU
		{A41D3969-54F4-40BE-BE1E-4853EC1F7B94}.Release|Any CPU.Build.0 = Release|Any CPU
		{65972498-D563-4854-BF87-0613E1A4ED1D}.Debug|Any CPU.ActiveCfg = Debug|Any CPU
		{65972498-D563-4854-BF87-0613E1A4ED1D}.Debug|Any CPU.Build.0 = Debug|Any CPU
		{65972498-D563-4854-BF87-0613E1A4ED1D}.Release|Any CPU.ActiveCfg = Release|Any CPU
		{65972498-D563-4854-BF87-0613E1A4ED1D}.Release|Any CPU.Build.0 = Release|Any CPU
	EndGlobalSection
	GlobalSection(SolutionProperties) = preSolution
		HideSolutionNode = FALSE
	EndGlobalSection
EndGlobal
