
Microsoft Visual Studio Solution File, Format Version 12.00
# Visual Studio Version 17
VisualStudioVersion = 17.12.35527.113 d17.12
MinimumVisualStudioVersion = 10.0.40219.1
Project("{FAE04EC0-301F-11D3-BF4B-00C04F79EFBC}") = "CustomerSuccessCRM.Forms", "CustomerSuccessCRM.Forms\CustomerSuccessCRM.Forms.csproj", "{6DBEBAEC-F554-4917-9150-91B1359A84BE}"
EndProject
Project("{FAE04EC0-301F-11D3-BF4B-00C04F79EFBC}") = "CustomerSuccessCRM.Lib", "CustomerSuccessCRM.Lib\CustomerSuccessCRM.Lib.csproj", "{7928941F-E9BA-4FFA-AB4F-7B4569DAF869}"
EndProject
Project("{FAE04EC0-301F-11D3-BF4B-00C04F79EFBC}") = "CustomerSuccessCRM.Web", "CustomerSuccessCRM.Web\CustomerSuccessCRM.Web.csproj", "{02D53E5B-A6CC-4EA2-8995-BCF20531CA1B}"
EndProject
Global
	GlobalSection(SolutionConfigurationPlatforms) = preSolution
		Debug|Any CPU = Debug|Any CPU
		Release|Any CPU = Release|Any CPU
	EndGlobalSection
	GlobalSection(ProjectConfigurationPlatforms) = postSolution
		{6DBEBAEC-F554-4917-9150-91B1359A84BE}.Debug|Any CPU.ActiveCfg = Debug|Any CPU
		{6DBEBAEC-F554-4917-9150-91B1359A84BE}.Debug|Any CPU.Build.0 = Debug|Any CPU
		{6DBEBAEC-F554-4917-9150-91B1359A84BE}.Release|Any CPU.ActiveCfg = Release|Any CPU
		{6DBEBAEC-F554-4917-9150-91B1359A84BE}.Release|Any CPU.Build.0 = Release|Any CPU
		{7928941F-E9BA-4FFA-AB4F-7B4569DAF869}.Debug|Any CPU.ActiveCfg = Debug|Any CPU
		{7928941F-E9BA-4FFA-AB4F-7B4569DAF869}.Debug|Any CPU.Build.0 = Debug|Any CPU
		{7928941F-E9BA-4FFA-AB4F-7B4569DAF869}.Release|Any CPU.ActiveCfg = Release|Any CPU
		{7928941F-E9BA-4FFA-AB4F-7B4569DAF869}.Release|Any CPU.Build.0 = Release|Any CPU
		{02D53E5B-A6CC-4EA2-8995-BCF20531CA1B}.Debug|Any CPU.ActiveCfg = Debug|Any CPU
		{02D53E5B-A6CC-4EA2-8995-BCF20531CA1B}.Debug|Any CPU.Build.0 = Debug|Any CPU
		{02D53E5B-A6CC-4EA2-8995-BCF20531CA1B}.Release|Any CPU.ActiveCfg = Release|Any CPU
		{02D53E5B-A6CC-4EA2-8995-BCF20531CA1B}.Release|Any CPU.Build.0 = Release|Any CPU
	EndGlobalSection
	GlobalSection(SolutionProperties) = preSolution
		HideSolutionNode = FALSE
	EndGlobalSection
EndGlobal
